
Microsoft Visual Studio Solution File, Format Version 12.00
# Visual Studio 15
VisualStudioVersion = 15.0.28307.1525
MinimumVisualStudioVersion = 10.0.40219.1
Project("{FAE04EC0-301F-11D3-BF4B-00C04F79EFBC}") = "PetTrade", "PetTrade\PetTrade.csproj", "{2FDFC45F-C803-4D76-9A0F-42EAB5F8AD91}"
EndProject
Project("{FAE04EC0-301F-11D3-BF4B-00C04F79EFBC}") = "PetTrade.BLL", "PetTrade.BLL\PetTrade.BLL.csproj", "{3C2C61E3-1435-49F7-BA91-2D570E21F265}"
EndProject
Project("{FAE04EC0-301F-11D3-BF4B-00C04F79EFBC}") = "PetTrade.IDAL", "PetTrade.IDAL\PetTrade.IDAL.csproj", "{CE365ADC-DD57-4072-936B-2CB9779A8E36}"
EndProject
Project("{FAE04EC0-301F-11D3-BF4B-00C04F79EFBC}") = "PetTrade.OracleDAL", "PetTrade.OracleDAL\PetTrade.OracleDAL.csproj", "{F52E2249-F277-437B-AA21-259A981274A7}"
EndProject
Project("{FAE04EC0-301F-11D3-BF4B-00C04F79EFBC}") = "PetTrade.SQLServerDAL", "PetTrade.SQLServerDAL\PetTrade.SQLServerDAL.csproj", "{23ACCAE5-C870-4603-9960-9CC86927AF1E}"
EndProject
Project("{FAE04EC0-301F-11D3-BF4B-00C04F79EFBC}") = "PetTrade.Models", "PetTrade.Models\PetTrade.Models.csproj", "{6984AF78-137F-4AD3-B72D-4A9C1CEC319C}"
EndProject
Project("{FAE04EC0-301F-11D3-BF4B-00C04F79EFBC}") = "PetTrade.UI", "PetTrade.UI\PetTrade.UI.csproj", "{5E620210-EA4C-413B-9248-5387FBAEBC3B}"
EndProject
Global
	GlobalSection(SolutionConfigurationPlatforms) = preSolution
		Debug|Any CPU = Debug|Any CPU
		Release|Any CPU = Release|Any CPU
	EndGlobalSection
	GlobalSection(ProjectConfigurationPlatforms) = postSolution
		{2FDFC45F-C803-4D76-9A0F-42EAB5F8AD91}.Debug|Any CPU.ActiveCfg = Debug|Any CPU
		{2FDFC45F-C803-4D76-9A0F-42EAB5F8AD91}.Debug|Any CPU.Build.0 = Debug|Any CPU
		{2FDFC45F-C803-4D76-9A0F-42EAB5F8AD91}.Release|Any CPU.ActiveCfg = Release|Any CPU
		{2FDFC45F-C803-4D76-9A0F-42EAB5F8AD91}.Release|Any CPU.Build.0 = Release|Any CPU
		{3C2C61E3-1435-49F7-BA91-2D570E21F265}.Debug|Any CPU.ActiveCfg = Debug|Any CPU
		{3C2C61E3-1435-49F7-BA91-2D570E21F265}.Debug|Any CPU.Build.0 = Debug|Any CPU
		{3C2C61E3-1435-49F7-BA91-2D570E21F265}.Release|Any CPU.ActiveCfg = Release|Any CPU
		{3C2C61E3-1435-49F7-BA91-2D570E21F265}.Release|Any CPU.Build.0 = Release|Any CPU
		{CE365ADC-DD57-4072-936B-2CB9779A8E36}.Debug|Any CPU.ActiveCfg = Debug|Any CPU
		{CE365ADC-DD57-4072-936B-2CB9779A8E36}.Debug|Any CPU.Build.0 = Debug|Any CPU
		{CE365ADC-DD57-4072-936B-2CB9779A8E36}.Release|Any CPU.ActiveCfg = Release|Any CPU
		{CE365ADC-DD57-4072-936B-2CB9779A8E36}.Release|Any CPU.Build.0 = Release|Any CPU
		{F52E2249-F277-437B-AA21-259A981274A7}.Debug|Any CPU.ActiveCfg = Debug|Any CPU
		{F52E2249-F277-437B-AA21-259A981274A7}.Debug|Any CPU.Build.0 = Debug|Any CPU
		{F52E2249-F277-437B-AA21-259A981274A7}.Release|Any CPU.ActiveCfg = Release|Any CPU
		{F52E2249-F277-437B-AA21-259A981274A7}.Release|Any CPU.Build.0 = Release|Any CPU
		{23ACCAE5-C870-4603-9960-9CC86927AF1E}.Debug|Any CPU.ActiveCfg = Debug|Any CPU
		{23ACCAE5-C870-4603-9960-9CC86927AF1E}.Debug|Any CPU.Build.0 = Debug|Any CPU
		{23ACCAE5-C870-4603-9960-9CC86927AF1E}.Release|Any CPU.ActiveCfg = Release|Any CPU
		{23ACCAE5-C870-4603-9960-9CC86927AF1E}.Release|Any CPU.Build.0 = Release|Any CPU
		{6984AF78-137F-4AD3-B72D-4A9C1CEC319C}.Debug|Any CPU.ActiveCfg = Debug|Any CPU
		{6984AF78-137F-4AD3-B72D-4A9C1CEC319C}.Debug|Any CPU.Build.0 = Debug|Any CPU
		{6984AF78-137F-4AD3-B72D-4A9C1CEC319C}.Release|Any CPU.ActiveCfg = Release|Any CPU
		{6984AF78-137F-4AD3-B72D-4A9C1CEC319C}.Release|Any CPU.Build.0 = Release|Any CPU
		{5E620210-EA4C-413B-9248-5387FBAEBC3B}.Debug|Any CPU.ActiveCfg = Debug|Any CPU
		{5E620210-EA4C-413B-9248-5387FBAEBC3B}.Debug|Any CPU.Build.0 = Debug|Any CPU
		{5E620210-EA4C-413B-9248-5387FBAEBC3B}.Release|Any CPU.ActiveCfg = Release|Any CPU
		{5E620210-EA4C-413B-9248-5387FBAEBC3B}.Release|Any CPU.Build.0 = Release|Any CPU
	EndGlobalSection
	GlobalSection(SolutionProperties) = preSolution
		HideSolutionNode = FALSE
	EndGlobalSection
	GlobalSection(ExtensibilityGlobals) = postSolution
		SolutionGuid = {30BB3231-0041-473F-B3A6-BCCABCB5D8F0}
	EndGlobalSection
EndGlobal
